// !$*UTF8*$!
{
	archiveVersion = 1;
	classes = {
	};
	objectVersion = 56;
	objects = {

/* Begin PBXBuildFile section */
		E3201F5C2A822955006DBA8D /* AppDelegate.swift in Sources */ = {isa = PBXBuildFile; fileRef = E3201F5B2A822955006DBA8D /* AppDelegate.swift */; };
		E3201F5E2A822955006DBA8D /* SceneDelegate.swift in Sources */ = {isa = PBXBuildFile; fileRef = E3201F5D2A822955006DBA8D /* SceneDelegate.swift */; };
		E3201F602A822955006DBA8D /* ViewController.swift in Sources */ = {isa = PBXBuildFile; fileRef = E3201F5F2A822955006DBA8D /* ViewController.swift */; };
		E3201F632A822955006DBA8D /* Main.storyboard in Resources */ = {isa = PBXBuildFile; fileRef = E3201F612A822955006DBA8D /* Main.storyboard */; };
		E3201F652A822957006DBA8D /* Assets.xcassets in Resources */ = {isa = PBXBuildFile; fileRef = E3201F642A822957006DBA8D /* Assets.xcassets */; };
		E3201F682A822957006DBA8D /* LaunchScreen.storyboard in Resources */ = {isa = PBXBuildFile; fileRef = E3201F662A822957006DBA8D /* LaunchScreen.storyboard */; };
		E3201F702A822DC1006DBA8D /* TableViewController.swift in Sources */ = {isa = PBXBuildFile; fileRef = E3201F6F2A822DC1006DBA8D /* TableViewController.swift */; };
		E3201F722A823078006DBA8D /* Films.swift in Sources */ = {isa = PBXBuildFile; fileRef = E3201F712A823078006DBA8D /* Films.swift */; };
		E35C93252B9B7E9400DBF784 /* Cinema.swift in Sources */ = {isa = PBXBuildFile; fileRef = E35C93242B9B7E9400DBF784 /* Cinema.swift */; };
		E3C520292B821C5A001ACD82 /* ViewMapController.swift in Sources */ = {isa = PBXBuildFile; fileRef = E3C520282B821C59001ACD82 /* ViewMapController.swift */; };
/* End PBXBuildFile section */

/* Begin PBXFileReference section */
		E3201F582A822955006DBA8D /* Films.app */ = {isa = PBXFileReference; explicitFileType = wrapper.application; includeInIndex = 0; path = Films.app; sourceTree = BUILT_PRODUCTS_DIR; };
		E3201F5B2A822955006DBA8D /* AppDelegate.swift */ = {isa = PBXFileReference; lastKnownFileType = sourcecode.swift; path = AppDelegate.swift; sourceTree = "<group>"; };
		E3201F5D2A822955006DBA8D /* SceneDelegate.swift */ = {isa = PBXFileReference; lastKnownFileType = sourcecode.swift; path = SceneDelegate.swift; sourceTree = "<group>"; };
		E3201F5F2A822955006DBA8D /* ViewController.swift */ = {isa = PBXFileReference; lastKnownFileType = sourcecode.swift; path = ViewController.swift; sourceTree = "<group>"; };
		E3201F622A822955006DBA8D /* Base */ = {isa = PBXFileReference; lastKnownFileType = file.storyboard; name = Base; path = Base.lproj/Main.storyboard; sourceTree = "<group>"; };
		E3201F642A822957006DBA8D /* Assets.xcassets */ = {isa = PBXFileReference; lastKnownFileType = folder.assetcatalog; path = Assets.xcassets; sourceTree = "<group>"; };
		E3201F672A822957006DBA8D /* Base */ = {isa = PBXFileReference; lastKnownFileType = file.storyboard; name = Base; path = Base.lproj/LaunchScreen.storyboard; sourceTree = "<group>"; };
		E3201F692A822957006DBA8D /* Info.plist */ = {isa = PBXFileReference; lastKnownFileType = text.plist.xml; path = Info.plist; sourceTree = "<group>"; };
		E3201F6F2A822DC1006DBA8D /* TableViewController.swift */ = {isa = PBXFileReference; lastKnownFileType = sourcecode.swift; path = TableViewController.swift; sourceTree = "<group>"; };
		E3201F712A823078006DBA8D /* Films.swift */ = {isa = PBXFileReference; lastKnownFileType = sourcecode.swift; path = Films.swift; sourceTree = "<group>"; };
		E35C93242B9B7E9400DBF784 /* Cinema.swift */ = {isa = PBXFileReference; lastKnownFileType = sourcecode.swift; path = Cinema.swift; sourceTree = "<group>"; };
		E3C520282B821C59001ACD82 /* ViewMapController.swift */ = {isa = PBXFileReference; lastKnownFileType = sourcecode.swift; path = ViewMapController.swift; sourceTree = "<group>"; };
/* End PBXFileReference section */

/* Begin PBXFrameworksBuildPhase section */
		E3201F552A822955006DBA8D /* Frameworks */ = {
			isa = PBXFrameworksBuildPhase;
			buildActionMask = 2147483647;
			files = (
			);
			runOnlyForDeploymentPostprocessing = 0;
		};
/* End PBXFrameworksBuildPhase section */

/* Begin PBXGroup section */
		E3201F4F2A822955006DBA8D = {
			isa = PBXGroup;
			children = (
				E3201F5A2A822955006DBA8D /* Films */,
				E3201F592A822955006DBA8D /* Products */,
			);
			sourceTree = "<group>";
		};
		E3201F592A822955006DBA8D /* Products */ = {
			isa = PBXGroup;
			children = (
				E3201F582A822955006DBA8D /* Films.app */,
			);
			name = Products;
			sourceTree = "<group>";
		};
		E3201F5A2A822955006DBA8D /* Films */ = {
			isa = PBXGroup;
			children = (
				E3201F5B2A822955006DBA8D /* AppDelegate.swift */,
				E3201F5D2A822955006DBA8D /* SceneDelegate.swift */,
				E35C93242B9B7E9400DBF784 /* Cinema.swift */,
				E3201F712A823078006DBA8D /* Films.swift */,
				E3201F5F2A822955006DBA8D /* ViewController.swift */,
				E3C520282B821C59001ACD82 /* ViewMapController.swift */,
				E3201F6F2A822DC1006DBA8D /* TableViewController.swift */,
				E3201F612A822955006DBA8D /* Main.storyboard */,
				E3201F642A822957006DBA8D /* Assets.xcassets */,
				E3201F662A822957006DBA8D /* LaunchScreen.storyboard */,
				E3201F692A822957006DBA8D /* Info.plist */,
			);
			path = Films;
			sourceTree = "<group>";
		};
/* End PBXGroup section */

/* Begin PBXNativeTarget section */
		E3201F572A822955006DBA8D /* Films */ = {
			isa = PBXNativeTarget;
			buildConfigurationList = E3201F6C2A822957006DBA8D /* Build configuration list for PBXNativeTarget "Films" */;
			buildPhases = (
				E3201F542A822955006DBA8D /* Sources */,
				E3201F552A822955006DBA8D /* Frameworks */,
				E3201F562A822955006DBA8D /* Resources */,
			);
			buildRules = (
			);
			dependencies = (
			);
			name = Films;
			productName = Films;
			productReference = E3201F582A822955006DBA8D /* Films.app */;
			productType = "com.apple.product-type.application";
		};
/* End PBXNativeTarget section */

/* Begin PBXProject section */
		E3201F502A822955006DBA8D /* Project object */ = {
			isa = PBXProject;
			attributes = {
				BuildIndependentTargetsInParallel = 1;
				LastSwiftUpdateCheck = 1430;
				LastUpgradeCheck = 1520;
				TargetAttributes = {
					E3201F572A822955006DBA8D = {
						CreatedOnToolsVersion = 14.3.1;
					};
				};
			};
			buildConfigurationList = E3201F532A822955006DBA8D /* Build configuration list for PBXProject "Films" */;
			compatibilityVersion = "Xcode 14.0";
			developmentRegion = en;
			hasScannedForEncodings = 0;
			knownRegions = (
				en,
				Base,
			);
			mainGroup = E3201F4F2A822955006DBA8D;
			productRefGroup = E3201F592A822955006DBA8D /* Products */;
			projectDirPath = "";
			projectRoot = "";
			targets = (
				E3201F572A822955006DBA8D /* Films */,
			);
		};
/* End PBXProject section */

/* Begin PBXResourcesBuildPhase section */
		E3201F562A822955006DBA8D /* Resources */ = {
			isa = PBXResourcesBuildPhase;
			buildActionMask = 2147483647;
			files = (
				E3201F682A822957006DBA8D /* LaunchScreen.storyboard in Resources */,
				E3201F652A822957006DBA8D /* Assets.xcassets in Resources */,
				E3201F632A822955006DBA8D /* Main.storyboard in Resources */,
			);
			runOnlyForDeploymentPostprocessing = 0;
		};
/* End PBXResourcesBuildPhase section */

/* Begin PBXSourcesBuildPhase section */
		E3201F542A822955006DBA8D /* Sources */ = {
			isa = PBXSourcesBuildPhase;
			buildActionMask = 2147483647;
			files = (
				E35C93252B9B7E9400DBF784 /* Cinema.swift in Sources */,
				E3201F602A822955006DBA8D /* ViewController.swift in Sources */,
				E3C520292B821C5A001ACD82 /* ViewMapController.swift in Sources */,
				E3201F722A823078006DBA8D /* Films.swift in Sources */,
				E3201F5C2A822955006DBA8D /* AppDelegate.swift in Sources */,
				E3201F5E2A822955006DBA8D /* SceneDelegate.swift in Sources */,
				E3201F702A822DC1006DBA8D /* TableViewController.swift in Sources */,
			);
			runOnlyForDeploymentPostprocessing = 0;
		};
/* End PBXSourcesBuildPhase section */

/* Begin PBXVariantGroup section */
		E3201F612A822955006DBA8D /* Main.storyboard */ = {
			isa = PBXVariantGroup;
			children = (
				E3201F622A822955006DBA8D /* Base */,
			);
			name = Main.storyboard;
			sourceTree = "<group>";
		};
		E3201F662A822957006DBA8D /* LaunchScreen.storyboard */ = {
			isa = PBXVariantGroup;
			children = (
				E3201F672A822957006DBA8D /* Base */,
			);
			name = LaunchScreen.storyboard;
			sourceTree = "<group>";
		};
/* End PBXVariantGroup section */

/* Begin XCBuildConfiguration section */
		E3201F6A2A822957006DBA8D /* Debug */ = {
			isa = XCBuildConfiguration;
			buildSettings = {
				ALWAYS_SEARCH_USER_PATHS = NO;
				ASSETCATALOG_COMPILER_GENERATE_SWIFT_ASSET_SYMBOL_EXTENSIONS = YES;
				CLANG_ANALYZER_NONNULL = YES;
				CLANG_ANALYZER_NUMBER_OBJECT_CONVERSION = YES_AGGRESSIVE;
				CLANG_CXX_LANGUAGE_STANDARD = "gnu++20";
				CLANG_ENABLE_MODULES = YES;
				CLANG_ENABLE_OBJC_ARC = YES;
				CLANG_ENABLE_OBJC_WEAK = YES;
				CLANG_WARN_BLOCK_CAPTURE_AUTORELEASING = YES;
				CLANG_WARN_BOOL_CONVERSION = YES;
				CLANG_WARN_COMMA = YES;
				CLANG_WARN_CONSTANT_CONVERSION = YES;
				CLANG_WARN_DEPRECATED_OBJC_IMPLEMENTATIONS = YES;
				CLANG_WARN_DIRECT_OBJC_ISA_USAGE = YES_ERROR;
				CLANG_WARN_DOCUMENTATION_COMMENTS = YES;
				CLANG_WARN_EMPTY_BODY = YES;
				CLANG_WARN_ENUM_CONVERSION = YES;
				CLANG_WARN_INFINITE_RECURSION = YES;
				CLANG_WARN_INT_CONVERSION = YES;
				CLANG_WARN_NON_LITERAL_NULL_CONVERSION = YES;
				CLANG_WARN_OBJC_IMPLICIT_RETAIN_SELF = YES;
				CLANG_WARN_OBJC_LITERAL_CONVERSION = YES;
				CLANG_WARN_OBJC_ROOT_CLASS = YES_ERROR;
				CLANG_WARN_QUOTED_INCLUDE_IN_FRAMEWORK_HEADER = YES;
				CLANG_WARN_RANGE_LOOP_ANALYSIS = YES;
				CLANG_WARN_STRICT_PROTOTYPES = YES;
				CLANG_WARN_SUSPICIOUS_MOVE = YES;
				CLANG_WARN_UNGUARDED_AVAILABILITY = YES_AGGRESSIVE;
				CLANG_WARN_UNREACHABLE_CODE = YES;
				CLANG_WARN__DUPLICATE_METHOD_MATCH = YES;
				COPY_PHASE_STRIP = NO;
				DEBUG_INFORMATION_FORMAT = dwarf;
				ENABLE_STRICT_OBJC_MSGSEND = YES;
				ENABLE_TESTABILITY = YES;
				ENABLE_USER_SCRIPT_SANDBOXING = YES;
				GCC_C_LANGUAGE_STANDARD = gnu11;
				GCC_DYNAMIC_NO_PIC = NO;
				GCC_NO_COMMON_BLOCKS = YES;
				GCC_OPTIMIZATION_LEVEL = 0;
				GCC_PREPROCESSOR_DEFINITIONS = (
					"DEBUG=1",
					"$(inherited)",
				);
				GCC_WARN_64_TO_32_BIT_CONVERSION = YES;
				GCC_WARN_ABOUT_RETURN_TYPE = YES_ERROR;
				GCC_WARN_UNDECLARED_SELECTOR = YES;
				GCC_WARN_UNINITIALIZED_AUTOS = YES_AGGRESSIVE;
				GCC_WARN_UNUSED_FUNCTION = YES;
				GCC_WARN_UNUSED_VARIABLE = YES;
				IPHONEOS_DEPLOYMENT_TARGET = 16.4;
				MTL_ENABLE_DEBUG_INFO = INCLUDE_SOURCE;
				MTL_FAST_MATH = YES;
				ONLY_ACTIVE_ARCH = YES;
				SDKROOT = iphoneos;
				SWIFT_ACTIVE_COMPILATION_CONDITIONS = DEBUG;
				SWIFT_OPTIMIZATION_LEVEL = "-Onone";
			};
			name = Debug;
		};
		E3201F6B2A822957006DBA8D /* Release */ = {
			isa = XCBuildConfiguration;
			buildSettings = {
				ALWAYS_SEARCH_USER_PATHS = NO;
				ASSETCATALOG_COMPILER_GENERATE_SWIFT_ASSET_SYMBOL_EXTENSIONS = YES;
				CLANG_ANALYZER_NONNULL = YES;
				CLANG_ANALYZER_NUMBER_OBJECT_CONVERSION = YES_AGGRESSIVE;
				CLANG_CXX_LANGUAGE_STANDARD = "gnu++20";
				CLANG_ENABLE_MODULES = YES;
				CLANG_ENABLE_OBJC_ARC = YES;
				CLANG_ENABLE_OBJC_WEAK = YES;
				CLANG_WARN_BLOCK_CAPTURE_AUTORELEASING = YES;
				CLANG_WARN_BOOL_CONVERSION = YES;
				CLANG_WARN_COMMA = YES;
				CLANG_WARN_CONSTANT_CONVERSION = YES;
				CLANG_WARN_DEPRECATED_OBJC_IMPLEMENTATIONS = YES;
				CLANG_WARN_DIRECT_OBJC_ISA_USAGE = YES_ERROR;
				CLANG_WARN_DOCUMENTATION_COMMENTS = YES;
				CLANG_WARN_EMPTY_BODY = YES;
				CLANG_WARN_ENUM_CONVERSION = YES;
				CLANG_WARN_INFINITE_RECURSION = YES;
				CLANG_WARN_INT_CONVERSION = YES;
				CLANG_WARN_NON_LITERAL_NULL_CONVERSION = YES;
				CLANG_WARN_OBJC_IMPLICIT_RETAIN_SELF = YES;
				CLANG_WARN_OBJC_LITERAL_CONVERSION = YES;
				CLANG_WARN_OBJC_ROOT_CLASS = YES_ERROR;
				CLANG_WARN_QUOTED_INCLUDE_IN_FRAMEWORK_HEADER = YES;
				CLANG_WARN_RANGE_LOOP_ANALYSIS = YES;
				CLANG_WARN_STRICT_PROTOTYPES = YES;
				CLANG_WARN_SUSPICIOUS_MOVE = YES;
				CLANG_WARN_UNGUARDED_AVAILABILITY = YES_AGGRESSIVE;
				CLANG_WARN_UNREACHABLE_CODE = YES;
				CLANG_WARN__DUPLICATE_METHOD_MATCH = YES;
				COPY_PHASE_STRIP = NO;
				DEBUG_INFORMATION_FORMAT = "dwarf-with-dsym";
				ENABLE_NS_ASSERTIONS = NO;
				ENABLE_STRICT_OBJC_MSGSEND = YES;
				ENABLE_USER_SCRIPT_SANDBOXING = YES;
				GCC_C_LANGUAGE_STANDARD = gnu11;
				GCC_NO_COMMON_BLOCKS = YES;
				GCC_WARN_64_TO_32_BIT_CONVERSION = YES;
				GCC_WARN_ABOUT_RETURN_TYPE = YES_ERROR;
				GCC_WARN_UNDECLARED_SELECTOR = YES;
				GCC_WARN_UNINITIALIZED_AUTOS = YES_AGGRESSIVE;
				GCC_WARN_UNUSED_FUNCTION = YES;
				GCC_WARN_UNUSED_VARIABLE = YES;
				IPHONEOS_DEPLOYMENT_TARGET = 16.4;
				MTL_ENABLE_DEBUG_INFO = NO;
				MTL_FAST_MATH = YES;
				SDKROOT = iphoneos;
				SWIFT_COMPILATION_MODE = wholemodule;
				SWIFT_OPTIMIZATION_LEVEL = "-O";
				VALIDATE_PRODUCT = YES;
			};
			name = Release;
		};
		E3201F6D2A822957006DBA8D /* Debug */ = {
			isa = XCBuildConfiguration;
			buildSettings = {
				ASSETCATALOG_COMPILER_APPICON_NAME = AppIcon;
				ASSETCATALOG_COMPILER_GLOBAL_ACCENT_COLOR_NAME = AccentColor;
				CODE_SIGN_STYLE = Automatic;
				CURRENT_PROJECT_VERSION = 1;
				DEVELOPMENT_TEAM = NT93UW6SS7;
				GENERATE_INFOPLIST_FILE = YES;
				INFOPLIST_FILE = Films/Info.plist;
				INFOPLIST_KEY_NSLocationAlwaysAndWhenInUseUsageDescription = "we need your location";
				INFOPLIST_KEY_NSLocationWhenInUseUsageDescription = "we weed your location";
				INFOPLIST_KEY_UIApplicationSupportsIndirectInputEvents = YES;
				INFOPLIST_KEY_UILaunchStoryboardName = LaunchScreen;
				INFOPLIST_KEY_UIMainStoryboardFile = Main;
				INFOPLIST_KEY_UISupportedInterfaceOrientations_iPad = "UIInterfaceOrientationPortrait UIInterfaceOrientationPortraitUpsideDown UIInterfaceOrientationLandscapeLeft UIInterfaceOrientationLandscapeRight";
				INFOPLIST_KEY_UISupportedInterfaceOrientations_iPhone = "UIInterfaceOrientationPortrait UIInterfaceOrientationLandscapeLeft UIInterfaceOrientationLandscapeRight";
				IPHONEOS_DEPLOYMENT_TARGET = 15.0;
				LD_RUNPATH_SEARCH_PATHS = (
					"$(inherited)",
					"@executable_path/Frameworks",
				);
				MARKETING_VERSION = 1.0;
				PRODUCT_BUNDLE_IDENTIFIER = kz.mobydev.Films;
				PRODUCT_NAME = "$(TARGET_NAME)";
				SWIFT_EMIT_LOC_STRINGS = YES;
				SWIFT_VERSION = 5.0;
				TARGETED_DEVICE_FAMILY = "1,2";
			};
			name = Debug;
		};
		E3201F6E2A822957006DBA8D /* Release */ = {
			isa = XCBuildConfiguration;
			buildSettings = {
				ASSETCATALOG_COMPILER_APPICON_NAME = AppIcon;
				ASSETCATALOG_COMPILER_GLOBAL_ACCENT_COLOR_NAME = AccentColor;
				CODE_SIGN_STYLE = Automatic;
				CURRENT_PROJECT_VERSION = 1;
				DEVELOPMENT_TEAM = NT93UW6SS7;
				GENERATE_INFOPLIST_FILE = YES;
				INFOPLIST_FILE = Films/Info.plist;
				INFOPLIST_KEY_NSLocationAlwaysAndWhenInUseUsageDescription = "we need your location";
				INFOPLIST_KEY_NSLocationWhenInUseUsageDescription = "we weed your location";
				INFOPLIST_KEY_UIApplicationSupportsIndirectInputEvents = YES;
				INFOPLIST_KEY_UILaunchStoryboardName = LaunchScreen;
				INFOPLIST_KEY_UIMainStoryboardFile = Main;
				INFOPLIST_KEY_UISupportedInterfaceOrientations_iPad = "UIInterfaceOrientationPortrait UIInterfaceOrientationPortraitUpsideDown UIInterfaceOrientationLandscapeLeft UIInterfaceOrientationLandscapeRight";
				INFOPLIST_KEY_UISupportedInterfaceOrientations_iPhone = "UIInterfaceOrientationPortrait UIInterfaceOrientationLandscapeLeft UIInterfaceOrientationLandscapeRight";
				IPHONEOS_DEPLOYMENT_TARGET = 15.0;
				LD_RUNPATH_SEARCH_PATHS = (
					"$(inherited)",
					"@executable_path/Frameworks",
				);
				MARKETING_VERSION = 1.0;
				PRODUCT_BUNDLE_IDENTIFIER = kz.mobydev.Films;
				PRODUCT_NAME = "$(TARGET_NAME)";
				SWIFT_EMIT_LOC_STRINGS = YES;
				SWIFT_VERSION = 5.0;
				TARGETED_DEVICE_FAMILY = "1,2";
			};
			name = Release;
		};
/* End XCBuildConfiguration section */

/* Begin XCConfigurationList section */
		E3201F532A822955006DBA8D /* Build configuration list for PBXProject "Films" */ = {
			isa = XCConfigurationList;
			buildConfigurations = (
				E3201F6A2A822957006DBA8D /* Debug */,
				E3201F6B2A822957006DBA8D /* Release */,
			);
			defaultConfigurationIsVisible = 0;
			defaultConfigurationName = Release;
		};
		E3201F6C2A822957006DBA8D /* Build configuration list for PBXNativeTarget "Films" */ = {
			isa = XCConfigurationList;
			buildConfigurations = (
				E3201F6D2A822957006DBA8D /* Debug */,
				E3201F6E2A822957006DBA8D /* Release */,
			);
			defaultConfigurationIsVisible = 0;
			defaultConfigurationName = Release;
		};
/* End XCConfigurationList section */
	};
	rootObject = E3201F502A822955006DBA8D /* Project object */;
}
